
Microsoft Visual Studio Solution File, Format Version 12.00
# Visual Studio Version 17
VisualStudioVersion = 17.13.35828.75 d17.13
MinimumVisualStudioVersion = 10.0.40219.1
Project("{FAE04EC0-301F-11D3-BF4B-00C04F79EFBC}") = "Bai7", "Bai7\Bai7.csproj", "{1AFC6E88-98D3-41F4-8D8B-801DEC9705B0}"
EndProject
Global
	GlobalSection(SolutionConfigurationPlatforms) = preSolution
		Debug|Any CPU = Debug|Any CPU
		Release|Any CPU = Release|Any CPU
	EndGlobalSection
	GlobalSection(ProjectConfigurationPlatforms) = postSolution
		{1AFC6E88-98D3-41F4-8D8B-801DEC9705B0}.Debug|Any CPU.ActiveCfg = Debug|Any CPU
		{1AFC6E88-98D3-41F4-8D8B-801DEC9705B0}.Debug|Any CPU.Build.0 = Debug|Any CPU
		{1AFC6E88-98D3-41F4-8D8B-801DEC9705B0}.Release|Any CPU.ActiveCfg = Release|Any CPU
		{1AFC6E88-98D3-41F4-8D8B-801DEC9705B0}.Release|Any CPU.Build.0 = Release|Any CPU
	EndGlobalSection
	GlobalSection(SolutionProperties) = preSolution
		HideSolutionNode = FALSE
	EndGlobalSection
	GlobalSection(ExtensibilityGlobals) = postSolution
		SolutionGuid = {4F618E19-0BD1-47C0-9AB5-2E1D31EC5162}
	EndGlobalSection
EndGlobal
