
Microsoft Visual Studio Solution File, Format Version 12.00
# Visual Studio Version 17
VisualStudioVersion = 17.13.35828.75 d17.13
MinimumVisualStudioVersion = 10.0.40219.1
Project("{FAE04EC0-301F-11D3-BF4B-00C04F79EFBC}") = "Bai2", "Bai2\Bai2.csproj", "{1417B017-9C1F-486B-A28D-B9222AB333C7}"
EndProject
Global
	GlobalSection(SolutionConfigurationPlatforms) = preSolution
		Debug|Any CPU = Debug|Any CPU
		Release|Any CPU = Release|Any CPU
	EndGlobalSection
	GlobalSection(ProjectConfigurationPlatforms) = postSolution
		{1417B017-9C1F-486B-A28D-B9222AB333C7}.Debug|Any CPU.ActiveCfg = Debug|Any CPU
		{1417B017-9C1F-486B-A28D-B9222AB333C7}.Debug|Any CPU.Build.0 = Debug|Any CPU
		{1417B017-9C1F-486B-A28D-B9222AB333C7}.Release|Any CPU.ActiveCfg = Release|Any CPU
		{1417B017-9C1F-486B-A28D-B9222AB333C7}.Release|Any CPU.Build.0 = Release|Any CPU
	EndGlobalSection
	GlobalSection(SolutionProperties) = preSolution
		HideSolutionNode = FALSE
	EndGlobalSection
	GlobalSection(ExtensibilityGlobals) = postSolution
		SolutionGuid = {43945A9A-3DAA-49D5-A0DD-1B4700A925E6}
	EndGlobalSection
EndGlobal
